PODS:
  - apple_maps_flutter (0.0.1):
    - Flutter
  - Flutter (1.0.0)
  - geolocator_apple (1.2.0):
    - Flutter
    - FlutterMacOS
  - MapLibre (6.19.1)
  - maplibre_gl (0.25.0):
    - Flutter
    - MapLibre (= 6.19.1)
  - sqflite_darwin (0.0.4):
    - Flutter
    - FlutterMacOS

DEPENDENCIES:
  - apple_maps_flutter (from `.symlinks/plugins/apple_maps_flutter/ios`)
  - Flutter (from `Flutter`)
  - geolocator_apple (from `.symlinks/plugins/geolocator_apple/darwin`)
  - maplibre_gl (from `.symlinks/plugins/maplibre_gl/ios`)
  - sqflite_darwin (from `.symlinks/plugins/sqflite_darwin/darwin`)

SPEC REPOS:
  trunk:
    - MapLibre

EXTERNAL SOURCES:
  apple_maps_flutter:
    :path: ".symlinks/plugins/apple_maps_flutter/ios"
  Flutter:
    :path: Flutter
  geolocator_apple:
    :path: ".symlinks/plugins/geolocator_apple/darwin"
  maplibre_gl:
    :path: ".symlinks/plugins/maplibre_gl/ios"
  sqflite_darwin:
    :path: ".symlinks/plugins/sqflite_darwin/darwin"

SPEC CHECKSUMS:
  apple_maps_flutter: 2237d66a8e242082a2d88134af372f7b3375d7a6
  Flutter: cabc95a1d2626b1b06e7179b784ebcf0c0cde467
  geolocator_apple: ab36aa0e8b7d7a2d7639b3b4e48308394e8cef5e
  MapLibre: 7f24faba45439f80ccb0f83393c29fa32cb81952
  maplibre_gl: a2114567cbd1065866614fbd34dfb75ab782aaa2
  sqflite_darwin: 20b2a3a3b70e43edae938624ce550a3cbf66a3d0

PODFILE CHECKSUM: c46aad853d23c2ab75d423d50a3c67d393692338

COCOAPODS: 1.16.2
